
Microsoft Visual Studio Solution File, Format Version 12.00
# Visual Studio Version 17
VisualStudioVersion = 17.7.34031.279
MinimumVisualStudioVersion = 10.0.40219.1
Project("{FAE04EC0-301F-11D3-BF4B-00C04F79EFBC}") = "5 - Presentacion", "Presentacion\5 - Presentacion.csproj", "{49DA7441-EF55-4766-BE3D-0D75CC2515D4}"
EndProject
Project("{FAE04EC0-301F-11D3-BF4B-00C04F79EFBC}") = "3 - Dominio", "Dominio\3 - Dominio.csproj", "{5FE5B032-F15E-4FC5-8089-D1FA6EF38071}"
EndProject
Project("{FAE04EC0-301F-11D3-BF4B-00C04F79EFBC}") = "2 - Data", "Data\2 - Data.csproj", "{CF823B9B-CAEF-48C4-8DD5-7DE724543528}"
EndProject
Project("{FAE04EC0-301F-11D3-BF4B-00C04F79EFBC}") = "4 - Servicios", "Servicios\4 - Servicios.csproj", "{9849D56F-5675-45E9-AB4D-6AEF5BD6E460}"
EndProject
Project("{00D1A9C2-B5F0-4AF3-8072-F6C62B433612}") = "1 - BaseDatos", "DataBase\1 - BaseDatos.sqlproj", "{7F837239-C628-414D-B78E-D08048C35315}"
EndProject
Global
	GlobalSection(SolutionConfigurationPlatforms) = preSolution
		Debug|Any CPU = Debug|Any CPU
		Release|Any CPU = Release|Any CPU
	EndGlobalSection
	GlobalSection(ProjectConfigurationPlatforms) = postSolution
		{49DA7441-EF55-4766-BE3D-0D75CC2515D4}.Debug|Any CPU.ActiveCfg = Debug|Any CPU
		{49DA7441-EF55-4766-BE3D-0D75CC2515D4}.Debug|Any CPU.Build.0 = Debug|Any CPU
		{49DA7441-EF55-4766-BE3D-0D75CC2515D4}.Release|Any CPU.ActiveCfg = Release|Any CPU
		{49DA7441-EF55-4766-BE3D-0D75CC2515D4}.Release|Any CPU.Build.0 = Release|Any CPU
		{5FE5B032-F15E-4FC5-8089-D1FA6EF38071}.Debug|Any CPU.ActiveCfg = Debug|Any CPU
		{5FE5B032-F15E-4FC5-8089-D1FA6EF38071}.Debug|Any CPU.Build.0 = Debug|Any CPU
		{5FE5B032-F15E-4FC5-8089-D1FA6EF38071}.Release|Any CPU.ActiveCfg = Release|Any CPU
		{5FE5B032-F15E-4FC5-8089-D1FA6EF38071}.Release|Any CPU.Build.0 = Release|Any CPU
		{CF823B9B-CAEF-48C4-8DD5-7DE724543528}.Debug|Any CPU.ActiveCfg = Debug|Any CPU
		{CF823B9B-CAEF-48C4-8DD5-7DE724543528}.Debug|Any CPU.Build.0 = Debug|Any CPU
		{CF823B9B-CAEF-48C4-8DD5-7DE724543528}.Release|Any CPU.ActiveCfg = Release|Any CPU
		{CF823B9B-CAEF-48C4-8DD5-7DE724543528}.Release|Any CPU.Build.0 = Release|Any CPU
		{9849D56F-5675-45E9-AB4D-6AEF5BD6E460}.Debug|Any CPU.ActiveCfg = Debug|Any CPU
		{9849D56F-5675-45E9-AB4D-6AEF5BD6E460}.Debug|Any CPU.Build.0 = Debug|Any CPU
		{9849D56F-5675-45E9-AB4D-6AEF5BD6E460}.Release|Any CPU.ActiveCfg = Release|Any CPU
		{9849D56F-5675-45E9-AB4D-6AEF5BD6E460}.Release|Any CPU.Build.0 = Release|Any CPU
		{7F837239-C628-414D-B78E-D08048C35315}.Debug|Any CPU.ActiveCfg = Debug|Any CPU
		{7F837239-C628-414D-B78E-D08048C35315}.Debug|Any CPU.Build.0 = Debug|Any CPU
		{7F837239-C628-414D-B78E-D08048C35315}.Debug|Any CPU.Deploy.0 = Debug|Any CPU
		{7F837239-C628-414D-B78E-D08048C35315}.Release|Any CPU.ActiveCfg = Release|Any CPU
		{7F837239-C628-414D-B78E-D08048C35315}.Release|Any CPU.Build.0 = Release|Any CPU
		{7F837239-C628-414D-B78E-D08048C35315}.Release|Any CPU.Deploy.0 = Release|Any CPU
	EndGlobalSection
	GlobalSection(SolutionProperties) = preSolution
		HideSolutionNode = FALSE
	EndGlobalSection
	GlobalSection(ExtensibilityGlobals) = postSolution
		SolutionGuid = {E12FBFE8-9590-4B6A-BE8E-E2BB4ED95857}
	EndGlobalSection
EndGlobal
